
Microsoft Visual Studio Solution File, Format Version 12.00
# Visual Studio Version 16
VisualStudioVersion = 16.0.31321.278
MinimumVisualStudioVersion = 10.0.40219.1
Project("{FAE04EC0-301F-11D3-BF4B-00C04F79EFBC}") = "Shoppingify", "Shoppingify.csproj", "{2C742380-7DEE-4BC7-92E9-6ABE4F33FFFC}"
EndProject
Global
	GlobalSection(SolutionConfigurationPlatforms) = preSolution
		Debug|Any CPU = Debug|Any CPU
		Release|Any CPU = Release|Any CPU
	EndGlobalSection
	GlobalSection(ProjectConfigurationPlatforms) = postSolution
		{2C742380-7DEE-4BC7-92E9-6ABE4F33FFFC}.Debug|Any CPU.ActiveCfg = Debug|Any CPU
		{2C742380-7DEE-4BC7-92E9-6ABE4F33FFFC}.Debug|Any CPU.Build.0 = Debug|Any CPU
		{2C742380-7DEE-4BC7-92E9-6ABE4F33FFFC}.Release|Any CPU.ActiveCfg = Release|Any CPU
		{2C742380-7DEE-4BC7-92E9-6ABE4F33FFFC}.Release|Any CPU.Build.0 = Release|Any CPU
	EndGlobalSection
	GlobalSection(SolutionProperties) = preSolution
		HideSolutionNode = FALSE
	EndGlobalSection
	GlobalSection(ExtensibilityGlobals) = postSolution
		SolutionGuid = {5C105464-6157-476E-A7F5-3B56280CB0BA}
	EndGlobalSection
EndGlobal
